
Microsoft Visual Studio Solution File, Format Version 12.00
# Visual Studio Version 16
VisualStudioVersion = 16.0.31205.134
MinimumVisualStudioVersion = 10.0.40219.1
Project("{FAE04EC0-301F-11D3-BF4B-00C04F79EFBC}") = "yaml2dat", "yaml2dat.csproj", "{02843DB8-2D53-4BFF-9F7C-677F33B31914}"
EndProject
Global
	GlobalSection(SolutionConfigurationPlatforms) = preSolution
		Debug|Any CPU = Debug|Any CPU
		Release|Any CPU = Release|Any CPU
	EndGlobalSection
	GlobalSection(ProjectConfigurationPlatforms) = postSolution
		{02843DB8-2D53-4BFF-9F7C-677F33B31914}.Debug|Any CPU.ActiveCfg = Debug|Any CPU
		{02843DB8-2D53-4BFF-9F7C-677F33B31914}.Debug|Any CPU.Build.0 = Debug|Any CPU
		{02843DB8-2D53-4BFF-9F7C-677F33B31914}.Release|Any CPU.ActiveCfg = Release|Any CPU
		{02843DB8-2D53-4BFF-9F7C-677F33B31914}.Release|Any CPU.Build.0 = Release|Any CPU
	EndGlobalSection
	GlobalSection(SolutionProperties) = preSolution
		HideSolutionNode = FALSE
	EndGlobalSection
	GlobalSection(ExtensibilityGlobals) = postSolution
		SolutionGuid = {F02B47FF-94B5-4092-89AF-CE9FCE536A2F}
	EndGlobalSection
EndGlobal
